// !$*UTF8*$!
{
	archiveVersion = 1;
	classes = {
	};
	objectVersion = 56;
	objects = {

/* Begin PBXBuildFile section */
		72940C052C85E03100311CE8 /* SwiftUIPracticeProjectApp.swift in Sources */ = {isa = PBXBuildFile; fileRef = 72940C042C85E03100311CE8 /* SwiftUIPracticeProjectApp.swift */; };
		72940C072C85E03100311CE8 /* ContentView.swift in Sources */ = {isa = PBXBuildFile; fileRef = 72940C062C85E03100311CE8 /* ContentView.swift */; };
		72940C092C85E03300311CE8 /* Assets.xcassets in Resources */ = {isa = PBXBuildFile; fileRef = 72940C082C85E03300311CE8 /* Assets.xcassets */; };
		72940C0C2C85E03300311CE8 /* Preview Assets.xcassets in Resources */ = {isa = PBXBuildFile; fileRef = 72940C0B2C85E03300311CE8 /* Preview Assets.xcassets */; };
		72940C132C85E41B00311CE8 /* ProfileSettingView.swift in Sources */ = {isa = PBXBuildFile; fileRef = 72940C122C85E41B00311CE8 /* ProfileSettingView.swift */; };
		72940C162C85E7A000311CE8 /* ForegroundWrapper.swift in Sources */ = {isa = PBXBuildFile; fileRef = 72940C152C85E79F00311CE8 /* ForegroundWrapper.swift */; };
		72940C192C85E8C000311CE8 /* CustomImageView.swift in Sources */ = {isa = PBXBuildFile; fileRef = 72940C182C85E8C000311CE8 /* CustomImageView.swift */; };
		72940C1C2C85E9BC00311CE8 /* ImageName.swift in Sources */ = {isa = PBXBuildFile; fileRef = 72940C1B2C85E9BC00311CE8 /* ImageName.swift */; };
		72940C212C85EB9900311CE8 /* RadiusBlueBackground.swift in Sources */ = {isa = PBXBuildFile; fileRef = 72940C202C85EB9900311CE8 /* RadiusBlueBackground.swift */; };
		72940C232C85EC0200311CE8 /* NavigationLinkCustomButton.swift in Sources */ = {isa = PBXBuildFile; fileRef = 72940C222C85EC0200311CE8 /* NavigationLinkCustomButton.swift */; };
		72940C252C85EFFA00311CE8 /* UnderlineTextFieldView.swift in Sources */ = {isa = PBXBuildFile; fileRef = 72940C242C85EFFA00311CE8 /* UnderlineTextFieldView.swift */; };
		72940C292C85F6B600311CE8 /* ProfileImageSettingView.swift in Sources */ = {isa = PBXBuildFile; fileRef = 72940C282C85F6B600311CE8 /* ProfileImageSettingView.swift */; };
		72940C2B2C85FDB600311CE8 /* MainView.swift in Sources */ = {isa = PBXBuildFile; fileRef = 72940C2A2C85FDB500311CE8 /* MainView.swift */; };
		72940C382C86F3D900311CE8 /* CoinView.swift in Sources */ = {isa = PBXBuildFile; fileRef = 72940C372C86F3D900311CE8 /* CoinView.swift */; };
		72940C3B2C86F97C00311CE8 /* UpbitAPI.swift in Sources */ = {isa = PBXBuildFile; fileRef = 72940C3A2C86F97C00311CE8 /* UpbitAPI.swift */; };
/* End PBXBuildFile section */

/* Begin PBXFileReference section */
		72940C012C85E03100311CE8 /* SwiftUIPracticeProject.app */ = {isa = PBXFileReference; explicitFileType = wrapper.application; includeInIndex = 0; path = SwiftUIPracticeProject.app; sourceTree = BUILT_PRODUCTS_DIR; };
		72940C042C85E03100311CE8 /* SwiftUIPracticeProjectApp.swift */ = {isa = PBXFileReference; lastKnownFileType = sourcecode.swift; path = SwiftUIPracticeProjectApp.swift; sourceTree = "<group>"; };
		72940C062C85E03100311CE8 /* ContentView.swift */ = {isa = PBXFileReference; lastKnownFileType = sourcecode.swift; path = ContentView.swift; sourceTree = "<group>"; };
		72940C082C85E03300311CE8 /* Assets.xcassets */ = {isa = PBXFileReference; lastKnownFileType = folder.assetcatalog; path = Assets.xcassets; sourceTree = "<group>"; };
		72940C0B2C85E03300311CE8 /* Preview Assets.xcassets */ = {isa = PBXFileReference; lastKnownFileType = folder.assetcatalog; path = "Preview Assets.xcassets"; sourceTree = "<group>"; };
		72940C122C85E41B00311CE8 /* ProfileSettingView.swift */ = {isa = PBXFileReference; lastKnownFileType = sourcecode.swift; path = ProfileSettingView.swift; sourceTree = "<group>"; };
		72940C152C85E79F00311CE8 /* ForegroundWrapper.swift */ = {isa = PBXFileReference; lastKnownFileType = sourcecode.swift; path = ForegroundWrapper.swift; sourceTree = "<group>"; };
		72940C182C85E8C000311CE8 /* CustomImageView.swift */ = {isa = PBXFileReference; lastKnownFileType = sourcecode.swift; path = CustomImageView.swift; sourceTree = "<group>"; };
		72940C1B2C85E9BC00311CE8 /* ImageName.swift */ = {isa = PBXFileReference; lastKnownFileType = sourcecode.swift; path = ImageName.swift; sourceTree = "<group>"; };
		72940C202C85EB9900311CE8 /* RadiusBlueBackground.swift */ = {isa = PBXFileReference; lastKnownFileType = sourcecode.swift; path = RadiusBlueBackground.swift; sourceTree = "<group>"; };
		72940C222C85EC0200311CE8 /* NavigationLinkCustomButton.swift */ = {isa = PBXFileReference; lastKnownFileType = sourcecode.swift; path = NavigationLinkCustomButton.swift; sourceTree = "<group>"; };
		72940C242C85EFFA00311CE8 /* UnderlineTextFieldView.swift */ = {isa = PBXFileReference; lastKnownFileType = sourcecode.swift; path = UnderlineTextFieldView.swift; sourceTree = "<group>"; };
		72940C282C85F6B600311CE8 /* ProfileImageSettingView.swift */ = {isa = PBXFileReference; lastKnownFileType = sourcecode.swift; path = ProfileImageSettingView.swift; sourceTree = "<group>"; };
		72940C2A2C85FDB500311CE8 /* MainView.swift */ = {isa = PBXFileReference; lastKnownFileType = sourcecode.swift; path = MainView.swift; sourceTree = "<group>"; };
		72940C372C86F3D900311CE8 /* CoinView.swift */ = {isa = PBXFileReference; lastKnownFileType = sourcecode.swift; path = CoinView.swift; sourceTree = "<group>"; };
		72940C3A2C86F97C00311CE8 /* UpbitAPI.swift */ = {isa = PBXFileReference; lastKnownFileType = sourcecode.swift; path = UpbitAPI.swift; sourceTree = "<group>"; };
/* End PBXFileReference section */

/* Begin PBXFrameworksBuildPhase section */
		72940BFE2C85E03100311CE8 /* Frameworks */ = {
			isa = PBXFrameworksBuildPhase;
			buildActionMask = 2147483647;
			files = (
			);
			runOnlyForDeploymentPostprocessing = 0;
		};
/* End PBXFrameworksBuildPhase section */

/* Begin PBXGroup section */
		72940BF82C85E03100311CE8 = {
			isa = PBXGroup;
			children = (
				72940C032C85E03100311CE8 /* SwiftUIPracticeProject */,
				72940C022C85E03100311CE8 /* Products */,
			);
			sourceTree = "<group>";
		};
		72940C022C85E03100311CE8 /* Products */ = {
			isa = PBXGroup;
			children = (
				72940C012C85E03100311CE8 /* SwiftUIPracticeProject.app */,
			);
			name = Products;
			sourceTree = "<group>";
		};
		72940C032C85E03100311CE8 /* SwiftUIPracticeProject */ = {
			isa = PBXGroup;
			children = (
				72940C392C86F76100311CE8 /* Network */,
				72940C362C86F2FC00311CE8 /* View */,
				72940C1F2C85EB8100311CE8 /* CustomModifier */,
				72940C1A2C85E9AF00311CE8 /* enum */,
				72940C172C85E8AF00311CE8 /* CustomView */,
				72940C142C85E78B00311CE8 /* Wrapper */,
				72940C042C85E03100311CE8 /* SwiftUIPracticeProjectApp.swift */,
				72940C082C85E03300311CE8 /* Assets.xcassets */,
				72940C0A2C85E03300311CE8 /* Preview Content */,
			);
			path = SwiftUIPracticeProject;
			sourceTree = "<group>";
		};
		72940C0A2C85E03300311CE8 /* Preview Content */ = {
			isa = PBXGroup;
			children = (
				72940C0B2C85E03300311CE8 /* Preview Assets.xcassets */,
			);
			path = "Preview Content";
			sourceTree = "<group>";
		};
		72940C142C85E78B00311CE8 /* Wrapper */ = {
			isa = PBXGroup;
			children = (
				72940C152C85E79F00311CE8 /* ForegroundWrapper.swift */,
			);
			path = Wrapper;
			sourceTree = "<group>";
		};
		72940C172C85E8AF00311CE8 /* CustomView */ = {
			isa = PBXGroup;
			children = (
				72940C1E2C85EA7A00311CE8 /* Button */,
				72940C1D2C85EA7100311CE8 /* Image */,
			);
			path = CustomView;
			sourceTree = "<group>";
		};
		72940C1A2C85E9AF00311CE8 /* enum */ = {
			isa = PBXGroup;
			children = (
				72940C1B2C85E9BC00311CE8 /* ImageName.swift */,
			);
			path = enum;
			sourceTree = "<group>";
		};
		72940C1D2C85EA7100311CE8 /* Image */ = {
			isa = PBXGroup;
			children = (
				72940C182C85E8C000311CE8 /* CustomImageView.swift */,
			);
			path = Image;
			sourceTree = "<group>";
		};
		72940C1E2C85EA7A00311CE8 /* Button */ = {
			isa = PBXGroup;
			children = (
				72940C222C85EC0200311CE8 /* NavigationLinkCustomButton.swift */,
			);
			path = Button;
			sourceTree = "<group>";
		};
		72940C1F2C85EB8100311CE8 /* CustomModifier */ = {
			isa = PBXGroup;
			children = (
				72940C202C85EB9900311CE8 /* RadiusBlueBackground.swift */,
				72940C242C85EFFA00311CE8 /* UnderlineTextFieldView.swift */,
			);
			path = CustomModifier;
			sourceTree = "<group>";
		};
		72940C362C86F2FC00311CE8 /* View */ = {
			isa = PBXGroup;
			children = (
				72940C062C85E03100311CE8 /* ContentView.swift */,
				72940C122C85E41B00311CE8 /* ProfileSettingView.swift */,
				72940C282C85F6B600311CE8 /* ProfileImageSettingView.swift */,
				72940C2A2C85FDB500311CE8 /* MainView.swift */,
				72940C372C86F3D900311CE8 /* CoinView.swift */,
			);
			path = View;
			sourceTree = "<group>";
		};
		72940C392C86F76100311CE8 /* Network */ = {
			isa = PBXGroup;
			children = (
				72940C3A2C86F97C00311CE8 /* UpbitAPI.swift */,
			);
			path = Network;
			sourceTree = "<group>";
		};
/* End PBXGroup section */

/* Begin PBXNativeTarget section */
		72940C002C85E03100311CE8 /* SwiftUIPracticeProject */ = {
			isa = PBXNativeTarget;
			buildConfigurationList = 72940C0F2C85E03300311CE8 /* Build configuration list for PBXNativeTarget "SwiftUIPracticeProject" */;
			buildPhases = (
				72940BFD2C85E03100311CE8 /* Sources */,
				72940BFE2C85E03100311CE8 /* Frameworks */,
				72940BFF2C85E03100311CE8 /* Resources */,
			);
			buildRules = (
			);
			dependencies = (
			);
			name = SwiftUIPracticeProject;
			productName = SwiftUIPracticeProject;
			productReference = 72940C012C85E03100311CE8 /* SwiftUIPracticeProject.app */;
			productType = "com.apple.product-type.application";
		};
/* End PBXNativeTarget section */

/* Begin PBXProject section */
		72940BF92C85E03100311CE8 /* Project object */ = {
			isa = PBXProject;
			attributes = {
				BuildIndependentTargetsInParallel = 1;
				LastSwiftUpdateCheck = 1530;
				LastUpgradeCheck = 1530;
				TargetAttributes = {
					72940C002C85E03100311CE8 = {
						CreatedOnToolsVersion = 15.3;
					};
				};
			};
			buildConfigurationList = 72940BFC2C85E03100311CE8 /* Build configuration list for PBXProject "SwiftUIPracticeProject" */;
			compatibilityVersion = "Xcode 14.0";
			developmentRegion = en;
			hasScannedForEncodings = 0;
			knownRegions = (
				en,
				Base,
			);
			mainGroup = 72940BF82C85E03100311CE8;
			productRefGroup = 72940C022C85E03100311CE8 /* Products */;
			projectDirPath = "";
			projectRoot = "";
			targets = (
				72940C002C85E03100311CE8 /* SwiftUIPracticeProject */,
			);
		};
/* End PBXProject section */

/* Begin PBXResourcesBuildPhase section */
		72940BFF2C85E03100311CE8 /* Resources */ = {
			isa = PBXResourcesBuildPhase;
			buildActionMask = 2147483647;
			files = (
				72940C0C2C85E03300311CE8 /* Preview Assets.xcassets in Resources */,
				72940C092C85E03300311CE8 /* Assets.xcassets in Resources */,
			);
			runOnlyForDeploymentPostprocessing = 0;
		};
/* End PBXResourcesBuildPhase section */

/* Begin PBXSourcesBuildPhase section */
		72940BFD2C85E03100311CE8 /* Sources */ = {
			isa = PBXSourcesBuildPhase;
			buildActionMask = 2147483647;
			files = (
				72940C3B2C86F97C00311CE8 /* UpbitAPI.swift in Sources */,
				72940C232C85EC0200311CE8 /* NavigationLinkCustomButton.swift in Sources */,
				72940C1C2C85E9BC00311CE8 /* ImageName.swift in Sources */,
				72940C132C85E41B00311CE8 /* ProfileSettingView.swift in Sources */,
				72940C072C85E03100311CE8 /* ContentView.swift in Sources */,
				72940C162C85E7A000311CE8 /* ForegroundWrapper.swift in Sources */,
				72940C292C85F6B600311CE8 /* ProfileImageSettingView.swift in Sources */,
				72940C052C85E03100311CE8 /* SwiftUIPracticeProjectApp.swift in Sources */,
				72940C2B2C85FDB600311CE8 /* MainView.swift in Sources */,
				72940C212C85EB9900311CE8 /* RadiusBlueBackground.swift in Sources */,
				72940C382C86F3D900311CE8 /* CoinView.swift in Sources */,
				72940C192C85E8C000311CE8 /* CustomImageView.swift in Sources */,
				72940C252C85EFFA00311CE8 /* UnderlineTextFieldView.swift in Sources */,
			);
			runOnlyForDeploymentPostprocessing = 0;
		};
/* End PBXSourcesBuildPhase section */

/* Begin XCBuildConfiguration section */
		72940C0D2C85E03300311CE8 /* Debug */ = {
			isa = XCBuildConfiguration;
			buildSettings = {
				ALWAYS_SEARCH_USER_PATHS = NO;
				ASSETCATALOG_COMPILER_GENERATE_SWIFT_ASSET_SYMBOL_EXTENSIONS = YES;
				CLANG_ANALYZER_NONNULL = YES;
				CLANG_ANALYZER_NUMBER_OBJECT_CONVERSION = YES_AGGRESSIVE;
				CLANG_CXX_LANGUAGE_STANDARD = "gnu++20";
				CLANG_ENABLE_MODULES = YES;
				CLANG_ENABLE_OBJC_ARC = YES;
				CLANG_ENABLE_OBJC_WEAK = YES;
				CLANG_WARN_BLOCK_CAPTURE_AUTORELEASING = YES;
				CLANG_WARN_BOOL_CONVERSION = YES;
				CLANG_WARN_COMMA = YES;
				CLANG_WARN_CONSTANT_CONVERSION = YES;
				CLANG_WARN_DEPRECATED_OBJC_IMPLEMENTATIONS = YES;
				CLANG_WARN_DIRECT_OBJC_ISA_USAGE = YES_ERROR;
				CLANG_WARN_DOCUMENTATION_COMMENTS = YES;
				CLANG_WARN_EMPTY_BODY = YES;
				CLANG_WARN_ENUM_CONVERSION = YES;
				CLANG_WARN_INFINITE_RECURSION = YES;
				CLANG_WARN_INT_CONVERSION = YES;
				CLANG_WARN_NON_LITERAL_NULL_CONVERSION = YES;
				CLANG_WARN_OBJC_IMPLICIT_RETAIN_SELF = YES;
				CLANG_WARN_OBJC_LITERAL_CONVERSION = YES;
				CLANG_WARN_OBJC_ROOT_CLASS = YES_ERROR;
				CLANG_WARN_QUOTED_INCLUDE_IN_FRAMEWORK_HEADER = YES;
				CLANG_WARN_RANGE_LOOP_ANALYSIS = YES;
				CLANG_WARN_STRICT_PROTOTYPES = YES;
				CLANG_WARN_SUSPICIOUS_MOVE = YES;
				CLANG_WARN_UNGUARDED_AVAILABILITY = YES_AGGRESSIVE;
				CLANG_WARN_UNREACHABLE_CODE = YES;
				CLANG_WARN__DUPLICATE_METHOD_MATCH = YES;
				COPY_PHASE_STRIP = NO;
				DEBUG_INFORMATION_FORMAT = dwarf;
				ENABLE_STRICT_OBJC_MSGSEND = YES;
				ENABLE_TESTABILITY = YES;
				ENABLE_USER_SCRIPT_SANDBOXING = YES;
				GCC_C_LANGUAGE_STANDARD = gnu17;
				GCC_DYNAMIC_NO_PIC = NO;
				GCC_NO_COMMON_BLOCKS = YES;
				GCC_OPTIMIZATION_LEVEL = 0;
				GCC_PREPROCESSOR_DEFINITIONS = (
					"DEBUG=1",
					"$(inherited)",
				);
				GCC_WARN_64_TO_32_BIT_CONVERSION = YES;
				GCC_WARN_ABOUT_RETURN_TYPE = YES_ERROR;
				GCC_WARN_UNDECLARED_SELECTOR = YES;
				GCC_WARN_UNINITIALIZED_AUTOS = YES_AGGRESSIVE;
				GCC_WARN_UNUSED_FUNCTION = YES;
				GCC_WARN_UNUSED_VARIABLE = YES;
				IPHONEOS_DEPLOYMENT_TARGET = 17.4;
				LOCALIZATION_PREFERS_STRING_CATALOGS = YES;
				MTL_ENABLE_DEBUG_INFO = INCLUDE_SOURCE;
				MTL_FAST_MATH = YES;
				ONLY_ACTIVE_ARCH = YES;
				SDKROOT = iphoneos;
				SWIFT_ACTIVE_COMPILATION_CONDITIONS = "DEBUG $(inherited)";
				SWIFT_OPTIMIZATION_LEVEL = "-Onone";
			};
			name = Debug;
		};
		72940C0E2C85E03300311CE8 /* Release */ = {
			isa = XCBuildConfiguration;
			buildSettings = {
				ALWAYS_SEARCH_USER_PATHS = NO;
				ASSETCATALOG_COMPILER_GENERATE_SWIFT_ASSET_SYMBOL_EXTENSIONS = YES;
				CLANG_ANALYZER_NONNULL = YES;
				CLANG_ANALYZER_NUMBER_OBJECT_CONVERSION = YES_AGGRESSIVE;
				CLANG_CXX_LANGUAGE_STANDARD = "gnu++20";
				CLANG_ENABLE_MODULES = YES;
				CLANG_ENABLE_OBJC_ARC = YES;
				CLANG_ENABLE_OBJC_WEAK = YES;
				CLANG_WARN_BLOCK_CAPTURE_AUTORELEASING = YES;
				CLANG_WARN_BOOL_CONVERSION = YES;
				CLANG_WARN_COMMA = YES;
				CLANG_WARN_CONSTANT_CONVERSION = YES;
				CLANG_WARN_DEPRECATED_OBJC_IMPLEMENTATIONS = YES;
				CLANG_WARN_DIRECT_OBJC_ISA_USAGE = YES_ERROR;
				CLANG_WARN_DOCUMENTATION_COMMENTS = YES;
				CLANG_WARN_EMPTY_BODY = YES;
				CLANG_WARN_ENUM_CONVERSION = YES;
				CLANG_WARN_INFINITE_RECURSION = YES;
				CLANG_WARN_INT_CONVERSION = YES;
				CLANG_WARN_NON_LITERAL_NULL_CONVERSION = YES;
				CLANG_WARN_OBJC_IMPLICIT_RETAIN_SELF = YES;
				CLANG_WARN_OBJC_LITERAL_CONVERSION = YES;
				CLANG_WARN_OBJC_ROOT_CLASS = YES_ERROR;
				CLANG_WARN_QUOTED_INCLUDE_IN_FRAMEWORK_HEADER = YES;
				CLANG_WARN_RANGE_LOOP_ANALYSIS = YES;
				CLANG_WARN_STRICT_PROTOTYPES = YES;
				CLANG_WARN_SUSPICIOUS_MOVE = YES;
				CLANG_WARN_UNGUARDED_AVAILABILITY = YES_AGGRESSIVE;
				CLANG_WARN_UNREACHABLE_CODE = YES;
				CLANG_WARN__DUPLICATE_METHOD_MATCH = YES;
				COPY_PHASE_STRIP = NO;
				DEBUG_INFORMATION_FORMAT = "dwarf-with-dsym";
				ENABLE_NS_ASSERTIONS = NO;
				ENABLE_STRICT_OBJC_MSGSEND = YES;
				ENABLE_USER_SCRIPT_SANDBOXING = YES;
				GCC_C_LANGUAGE_STANDARD = gnu17;
				GCC_NO_COMMON_BLOCKS = YES;
				GCC_WARN_64_TO_32_BIT_CONVERSION = YES;
				GCC_WARN_ABOUT_RETURN_TYPE = YES_ERROR;
				GCC_WARN_UNDECLARED_SELECTOR = YES;
				GCC_WARN_UNINITIALIZED_AUTOS = YES_AGGRESSIVE;
				GCC_WARN_UNUSED_FUNCTION = YES;
				GCC_WARN_UNUSED_VARIABLE = YES;
				IPHONEOS_DEPLOYMENT_TARGET = 17.4;
				LOCALIZATION_PREFERS_STRING_CATALOGS = YES;
				MTL_ENABLE_DEBUG_INFO = NO;
				MTL_FAST_MATH = YES;
				SDKROOT = iphoneos;
				SWIFT_COMPILATION_MODE = wholemodule;
				VALIDATE_PRODUCT = YES;
			};
			name = Release;
		};
		72940C102C85E03300311CE8 /* Debug */ = {
			isa = XCBuildConfiguration;
			buildSettings = {
				ASSETCATALOG_COMPILER_APPICON_NAME = AppIcon;
				ASSETCATALOG_COMPILER_GLOBAL_ACCENT_COLOR_NAME = AccentColor;
				CODE_SIGN_STYLE = Automatic;
				CURRENT_PROJECT_VERSION = 1;
				DEVELOPMENT_ASSET_PATHS = "\"SwiftUIPracticeProject/Preview Content\"";
				DEVELOPMENT_TEAM = QQN262X7KM;
				ENABLE_PREVIEWS = YES;
				GENERATE_INFOPLIST_FILE = YES;
				INFOPLIST_KEY_UIApplicationSceneManifest_Generation = YES;
				INFOPLIST_KEY_UIApplicationSupportsIndirectInputEvents = YES;
				INFOPLIST_KEY_UILaunchScreen_Generation = YES;
				INFOPLIST_KEY_UISupportedInterfaceOrientations_iPad = "UIInterfaceOrientationPortrait UIInterfaceOrientationPortraitUpsideDown UIInterfaceOrientationLandscapeLeft UIInterfaceOrientationLandscapeRight";
				INFOPLIST_KEY_UISupportedInterfaceOrientations_iPhone = "UIInterfaceOrientationPortrait UIInterfaceOrientationLandscapeLeft UIInterfaceOrientationLandscapeRight";
				LD_RUNPATH_SEARCH_PATHS = (
					"$(inherited)",
					"@executable_path/Frameworks",
				);
				MARKETING_VERSION = 1.0;
				PRODUCT_BUNDLE_IDENTIFIER = com.Jun.SwiftUIPracticeProject;
				PRODUCT_NAME = "$(TARGET_NAME)";
				SWIFT_EMIT_LOC_STRINGS = YES;
				SWIFT_VERSION = 5.0;
				TARGETED_DEVICE_FAMILY = "1,2";
			};
			name = Debug;
		};
		72940C112C85E03300311CE8 /* Release */ = {
			isa = XCBuildConfiguration;
			buildSettings = {
				ASSETCATALOG_COMPILER_APPICON_NAME = AppIcon;
				ASSETCATALOG_COMPILER_GLOBAL_ACCENT_COLOR_NAME = AccentColor;
				CODE_SIGN_STYLE = Automatic;
				CURRENT_PROJECT_VERSION = 1;
				DEVELOPMENT_ASSET_PATHS = "\"SwiftUIPracticeProject/Preview Content\"";
				DEVELOPMENT_TEAM = QQN262X7KM;
				ENABLE_PREVIEWS = YES;
				GENERATE_INFOPLIST_FILE = YES;
				INFOPLIST_KEY_UIApplicationSceneManifest_Generation = YES;
				INFOPLIST_KEY_UIApplicationSupportsIndirectInputEvents = YES;
				INFOPLIST_KEY_UILaunchScreen_Generation = YES;
				INFOPLIST_KEY_UISupportedInterfaceOrientations_iPad = "UIInterfaceOrientationPortrait UIInterfaceOrientationPortraitUpsideDown UIInterfaceOrientationLandscapeLeft UIInterfaceOrientationLandscapeRight";
				INFOPLIST_KEY_UISupportedInterfaceOrientations_iPhone = "UIInterfaceOrientationPortrait UIInterfaceOrientationLandscapeLeft UIInterfaceOrientationLandscapeRight";
				LD_RUNPATH_SEARCH_PATHS = (
					"$(inherited)",
					"@executable_path/Frameworks",
				);
				MARKETING_VERSION = 1.0;
				PRODUCT_BUNDLE_IDENTIFIER = com.Jun.SwiftUIPracticeProject;
				PRODUCT_NAME = "$(TARGET_NAME)";
				SWIFT_EMIT_LOC_STRINGS = YES;
				SWIFT_VERSION = 5.0;
				TARGETED_DEVICE_FAMILY = "1,2";
			};
			name = Release;
		};
/* End XCBuildConfiguration section */

/* Begin XCConfigurationList section */
		72940BFC2C85E03100311CE8 /* Build configuration list for PBXProject "SwiftUIPracticeProject" */ = {
			isa = XCConfigurationList;
			buildConfigurations = (
				72940C0D2C85E03300311CE8 /* Debug */,
				72940C0E2C85E03300311CE8 /* Release */,
			);
			defaultConfigurationIsVisible = 0;
			defaultConfigurationName = Release;
		};
		72940C0F2C85E03300311CE8 /* Build configuration list for PBXNativeTarget "SwiftUIPracticeProject" */ = {
			isa = XCConfigurationList;
			buildConfigurations = (
				72940C102C85E03300311CE8 /* Debug */,
				72940C112C85E03300311CE8 /* Release */,
			);
			defaultConfigurationIsVisible = 0;
			defaultConfigurationName = Release;
		};
/* End XCConfigurationList section */
	};
	rootObject = 72940BF92C85E03100311CE8 /* Project object */;
}
